
Microsoft Visual Studio Solution File, Format Version 12.00
# Visual Studio 15
VisualStudioVersion = 15.0.28307.1000
MinimumVisualStudioVersion = 10.0.40219.1
Project("{9A19103F-16F7-4668-BE54-9A1E7A4F7556}") = "Senai.Apponto.CodeFirst", "Senai.Apponto.CodeFirst\Senai.Apponto.CodeFirst.csproj", "{1F48BD7F-55FD-43E1-BE82-ED8DB441D54B}"
EndProject
Project("{FAE04EC0-301F-11D3-BF4B-00C04F79EFBC}") = "Senai.Apponto.Test.XUnit", "Senai.Apponto.Test.XUnit\Senai.Apponto.Test.XUnit.csproj", "{65F2AAF1-E895-4F8C-9C47-801BD50DB9C5}"
EndProject
Global
	GlobalSection(SolutionConfigurationPlatforms) = preSolution
		Debug|Any CPU = Debug|Any CPU
		Release|Any CPU = Release|Any CPU
	EndGlobalSection
	GlobalSection(ProjectConfigurationPlatforms) = postSolution
		{1F48BD7F-55FD-43E1-BE82-ED8DB441D54B}.Debug|Any CPU.ActiveCfg = Debug|Any CPU
		{1F48BD7F-55FD-43E1-BE82-ED8DB441D54B}.Debug|Any CPU.Build.0 = Debug|Any CPU
		{1F48BD7F-55FD-43E1-BE82-ED8DB441D54B}.Release|Any CPU.ActiveCfg = Release|Any CPU
		{1F48BD7F-55FD-43E1-BE82-ED8DB441D54B}.Release|Any CPU.Build.0 = Release|Any CPU
		{65F2AAF1-E895-4F8C-9C47-801BD50DB9C5}.Debug|Any CPU.ActiveCfg = Debug|Any CPU
		{65F2AAF1-E895-4F8C-9C47-801BD50DB9C5}.Debug|Any CPU.Build.0 = Debug|Any CPU
		{65F2AAF1-E895-4F8C-9C47-801BD50DB9C5}.Release|Any CPU.ActiveCfg = Release|Any CPU
		{65F2AAF1-E895-4F8C-9C47-801BD50DB9C5}.Release|Any CPU.Build.0 = Release|Any CPU
	EndGlobalSection
	GlobalSection(SolutionProperties) = preSolution
		HideSolutionNode = FALSE
	EndGlobalSection
	GlobalSection(ExtensibilityGlobals) = postSolution
		SolutionGuid = {0E7AC890-703B-4CC3-BE83-8743646ADF9D}
	EndGlobalSection
EndGlobal
